
Microsoft Visual Studio Solution File, Format Version 11.00
# Visual Studio 2010
Project("{FAE04EC0-301F-11D3-BF4B-00C04F79EFBC}") = "TombstoneHelper", "TombstoneHelper\TombstoneHelper.csproj", "{060246A6-C54A-4F44-9E48-0F6FADBB71B2}"
EndProject
Project("{FAE04EC0-301F-11D3-BF4B-00C04F79EFBC}") = "TombstoneHelper.Demo", "TombstoneHelper.Demo\TombstoneHelper.Demo.csproj", "{3889FE06-AC48-4B06-B8E4-222E52E73E2B}"
EndProject
Global
	GlobalSection(SolutionConfigurationPlatforms) = preSolution
		Debug|Any CPU = Debug|Any CPU
		Release|Any CPU = Release|Any CPU
	EndGlobalSection
	GlobalSection(ProjectConfigurationPlatforms) = postSolution
		{060246A6-C54A-4F44-9E48-0F6FADBB71B2}.Debug|Any CPU.ActiveCfg = Debug|Any CPU
		{060246A6-C54A-4F44-9E48-0F6FADBB71B2}.Debug|Any CPU.Build.0 = Debug|Any CPU
		{060246A6-C54A-4F44-9E48-0F6FADBB71B2}.Release|Any CPU.ActiveCfg = Release|Any CPU
		{060246A6-C54A-4F44-9E48-0F6FADBB71B2}.Release|Any CPU.Build.0 = Release|Any CPU
		{3889FE06-AC48-4B06-B8E4-222E52E73E2B}.Debug|Any CPU.ActiveCfg = Debug|Any CPU
		{3889FE06-AC48-4B06-B8E4-222E52E73E2B}.Debug|Any CPU.Build.0 = Debug|Any CPU
		{3889FE06-AC48-4B06-B8E4-222E52E73E2B}.Debug|Any CPU.Deploy.0 = Debug|Any CPU
		{3889FE06-AC48-4B06-B8E4-222E52E73E2B}.Release|Any CPU.ActiveCfg = Release|Any CPU
		{3889FE06-AC48-4B06-B8E4-222E52E73E2B}.Release|Any CPU.Build.0 = Release|Any CPU
		{3889FE06-AC48-4B06-B8E4-222E52E73E2B}.Release|Any CPU.Deploy.0 = Release|Any CPU
	EndGlobalSection
	GlobalSection(SolutionProperties) = preSolution
		HideSolutionNode = FALSE
	EndGlobalSection
EndGlobal
